// !$*UTF8*$!
{
	archiveVersion = 1;
	classes = {
	};
	objectVersion = 56;
	objects = {

/* Begin PBXBuildFile section */
		751FDC842A1EA23400CADCB5 /* AppDelegate.swift in Sources */ = {isa = PBXBuildFile; fileRef = 751FDC832A1EA23400CADCB5 /* AppDelegate.swift */; };
		751FDC862A1EA23400CADCB5 /* SceneDelegate.swift in Sources */ = {isa = PBXBuildFile; fileRef = 751FDC852A1EA23400CADCB5 /* SceneDelegate.swift */; };
		751FDC882A1EA23400CADCB5 /* MainTabBarViewController.swift in Sources */ = {isa = PBXBuildFile; fileRef = 751FDC872A1EA23400CADCB5 /* MainTabBarViewController.swift */; };
		751FDC8D2A1EA23500CADCB5 /* Assets.xcassets in Resources */ = {isa = PBXBuildFile; fileRef = 751FDC8C2A1EA23500CADCB5 /* Assets.xcassets */; };
		751FDC902A1EA23500CADCB5 /* LaunchScreen.storyboard in Resources */ = {isa = PBXBuildFile; fileRef = 751FDC8E2A1EA23500CADCB5 /* LaunchScreen.storyboard */; };
		751FDC992A1EA50200CADCB5 /* HomeViewController.swift in Sources */ = {isa = PBXBuildFile; fileRef = 751FDC982A1EA50200CADCB5 /* HomeViewController.swift */; };
		751FDC9B2A1EA54D00CADCB5 /* UpcomingViewController.swift in Sources */ = {isa = PBXBuildFile; fileRef = 751FDC9A2A1EA54D00CADCB5 /* UpcomingViewController.swift */; };
		751FDC9D2A1EA6BE00CADCB5 /* SearchViewController.swift in Sources */ = {isa = PBXBuildFile; fileRef = 751FDC9C2A1EA6BE00CADCB5 /* SearchViewController.swift */; };
		751FDC9F2A1EA6CE00CADCB5 /* DownloadsViewController.swift in Sources */ = {isa = PBXBuildFile; fileRef = 751FDC9E2A1EA6CE00CADCB5 /* DownloadsViewController.swift */; };
		751FDCA62A1EBE0500CADCB5 /* CollectionViewTableViewCell.swift in Sources */ = {isa = PBXBuildFile; fileRef = 751FDCA52A1EBE0500CADCB5 /* CollectionViewTableViewCell.swift */; };
		75725E1B2A22514A00A3D0CE /* TitleTableViewCell.swift in Sources */ = {isa = PBXBuildFile; fileRef = 75725E1A2A22514A00A3D0CE /* TitleTableViewCell.swift */; };
		75725E1D2A225A3600A3D0CE /* TitleViewModel.swift in Sources */ = {isa = PBXBuildFile; fileRef = 75725E1C2A225A3600A3D0CE /* TitleViewModel.swift */; };
		759F021C2A23953F00EFFD5B /* SearchResultsViewController.swift in Sources */ = {isa = PBXBuildFile; fileRef = 759F021B2A23953F00EFFD5B /* SearchResultsViewController.swift */; };
		75A8668C2A20EEA8007646BE /* APICaller.swift in Sources */ = {isa = PBXBuildFile; fileRef = 75A8668B2A20EEA8007646BE /* APICaller.swift */; };
		75A8668E2A21026C007646BE /* Movie.swift in Sources */ = {isa = PBXBuildFile; fileRef = 75A8668D2A21026C007646BE /* Movie.swift */; };
		75A866902A210B72007646BE /* Extentions.swift in Sources */ = {isa = PBXBuildFile; fileRef = 75A8668F2A210B72007646BE /* Extentions.swift */; };
		75A866942A214A0C007646BE /* TitleCollectionViewCell.swift in Sources */ = {isa = PBXBuildFile; fileRef = 75A866932A214A0C007646BE /* TitleCollectionViewCell.swift */; };
		75A866972A214DE0007646BE /* SDWebImage in Frameworks */ = {isa = PBXBuildFile; productRef = 75A866962A214DE0007646BE /* SDWebImage */; };
		75A866992A214DE0007646BE /* SDWebImageMapKit in Frameworks */ = {isa = PBXBuildFile; productRef = 75A866982A214DE0007646BE /* SDWebImageMapKit */; };
		75F575792A1FCACA00F47721 /* HeroHeaderUIView.swift in Sources */ = {isa = PBXBuildFile; fileRef = 75F575782A1FCACA00F47721 /* HeroHeaderUIView.swift */; };
/* End PBXBuildFile section */

/* Begin PBXFileReference section */
		751FDC802A1EA23400CADCB5 /* ProgrammaticUI.app */ = {isa = PBXFileReference; explicitFileType = wrapper.application; includeInIndex = 0; path = ProgrammaticUI.app; sourceTree = BUILT_PRODUCTS_DIR; };
		751FDC832A1EA23400CADCB5 /* AppDelegate.swift */ = {isa = PBXFileReference; lastKnownFileType = sourcecode.swift; path = AppDelegate.swift; sourceTree = "<group>"; };
		751FDC852A1EA23400CADCB5 /* SceneDelegate.swift */ = {isa = PBXFileReference; lastKnownFileType = sourcecode.swift; path = SceneDelegate.swift; sourceTree = "<group>"; };
		751FDC872A1EA23400CADCB5 /* MainTabBarViewController.swift */ = {isa = PBXFileReference; lastKnownFileType = sourcecode.swift; path = MainTabBarViewController.swift; sourceTree = "<group>"; };
		751FDC8C2A1EA23500CADCB5 /* Assets.xcassets */ = {isa = PBXFileReference; lastKnownFileType = folder.assetcatalog; path = Assets.xcassets; sourceTree = "<group>"; };
		751FDC8F2A1EA23500CADCB5 /* Base */ = {isa = PBXFileReference; lastKnownFileType = file.storyboard; name = Base; path = Base.lproj/LaunchScreen.storyboard; sourceTree = "<group>"; };
		751FDC912A1EA23500CADCB5 /* Info.plist */ = {isa = PBXFileReference; lastKnownFileType = text.plist.xml; path = Info.plist; sourceTree = "<group>"; };
		751FDC982A1EA50200CADCB5 /* HomeViewController.swift */ = {isa = PBXFileReference; lastKnownFileType = sourcecode.swift; path = HomeViewController.swift; sourceTree = "<group>"; };
		751FDC9A2A1EA54D00CADCB5 /* UpcomingViewController.swift */ = {isa = PBXFileReference; lastKnownFileType = sourcecode.swift; path = UpcomingViewController.swift; sourceTree = "<group>"; };
		751FDC9C2A1EA6BE00CADCB5 /* SearchViewController.swift */ = {isa = PBXFileReference; lastKnownFileType = sourcecode.swift; path = SearchViewController.swift; sourceTree = "<group>"; };
		751FDC9E2A1EA6CE00CADCB5 /* DownloadsViewController.swift */ = {isa = PBXFileReference; lastKnownFileType = sourcecode.swift; path = DownloadsViewController.swift; sourceTree = "<group>"; };
		751FDCA52A1EBE0500CADCB5 /* CollectionViewTableViewCell.swift */ = {isa = PBXFileReference; lastKnownFileType = sourcecode.swift; path = CollectionViewTableViewCell.swift; sourceTree = "<group>"; };
		75725E1A2A22514A00A3D0CE /* TitleTableViewCell.swift */ = {isa = PBXFileReference; lastKnownFileType = sourcecode.swift; path = TitleTableViewCell.swift; sourceTree = "<group>"; };
		75725E1C2A225A3600A3D0CE /* TitleViewModel.swift */ = {isa = PBXFileReference; lastKnownFileType = sourcecode.swift; path = TitleViewModel.swift; sourceTree = "<group>"; };
		759F021B2A23953F00EFFD5B /* SearchResultsViewController.swift */ = {isa = PBXFileReference; lastKnownFileType = sourcecode.swift; path = SearchResultsViewController.swift; sourceTree = "<group>"; };
		75A8668B2A20EEA8007646BE /* APICaller.swift */ = {isa = PBXFileReference; lastKnownFileType = sourcecode.swift; path = APICaller.swift; sourceTree = "<group>"; };
		75A8668D2A21026C007646BE /* Movie.swift */ = {isa = PBXFileReference; lastKnownFileType = sourcecode.swift; path = Movie.swift; sourceTree = "<group>"; };
		75A8668F2A210B72007646BE /* Extentions.swift */ = {isa = PBXFileReference; lastKnownFileType = sourcecode.swift; path = Extentions.swift; sourceTree = "<group>"; };
		75A866932A214A0C007646BE /* TitleCollectionViewCell.swift */ = {isa = PBXFileReference; lastKnownFileType = sourcecode.swift; path = TitleCollectionViewCell.swift; sourceTree = "<group>"; };
		75F575782A1FCACA00F47721 /* HeroHeaderUIView.swift */ = {isa = PBXFileReference; lastKnownFileType = sourcecode.swift; path = HeroHeaderUIView.swift; sourceTree = "<group>"; };
/* End PBXFileReference section */

/* Begin PBXFrameworksBuildPhase section */
		751FDC7D2A1EA23400CADCB5 /* Frameworks */ = {
			isa = PBXFrameworksBuildPhase;
			buildActionMask = 2147483647;
			files = (
				75A866992A214DE0007646BE /* SDWebImageMapKit in Frameworks */,
				75A866972A214DE0007646BE /* SDWebImage in Frameworks */,
			);
			runOnlyForDeploymentPostprocessing = 0;
		};
/* End PBXFrameworksBuildPhase section */

/* Begin PBXGroup section */
		751FDC772A1EA23400CADCB5 = {
			isa = PBXGroup;
			children = (
				751FDC822A1EA23400CADCB5 /* ProgrammaticUI */,
				751FDC812A1EA23400CADCB5 /* Products */,
			);
			sourceTree = "<group>";
		};
		751FDC812A1EA23400CADCB5 /* Products */ = {
			isa = PBXGroup;
			children = (
				751FDC802A1EA23400CADCB5 /* ProgrammaticUI.app */,
			);
			name = Products;
			sourceTree = "<group>";
		};
		751FDC822A1EA23400CADCB5 /* ProgrammaticUI */ = {
			isa = PBXGroup;
			children = (
				751FDC832A1EA23400CADCB5 /* AppDelegate.swift */,
				751FDC852A1EA23400CADCB5 /* SceneDelegate.swift */,
				751FDCA32A1EBDAE00CADCB5 /* Resources */,
				751FDCA42A1EBDBE00CADCB5 /* Managers */,
				751FDCA22A1EBD6C00CADCB5 /* Models */,
				751FDCA02A1EBD5300CADCB5 /* Views */,
				751FDCA12A1EBD5800CADCB5 /* ViewModels */,
				751FDC972A1EA4EE00CADCB5 /* Controllers */,
				751FDC8C2A1EA23500CADCB5 /* Assets.xcassets */,
				751FDC8E2A1EA23500CADCB5 /* LaunchScreen.storyboard */,
				751FDC912A1EA23500CADCB5 /* Info.plist */,
			);
			path = ProgrammaticUI;
			sourceTree = "<group>";
		};
		751FDC972A1EA4EE00CADCB5 /* Controllers */ = {
			isa = PBXGroup;
			children = (
				759F021E2A23959A00EFFD5B /* General */,
				759F021D2A23958300EFFD5B /* Core */,
			);
			path = Controllers;
			sourceTree = "<group>";
		};
		751FDCA02A1EBD5300CADCB5 /* Views */ = {
			isa = PBXGroup;
			children = (
				751FDCA52A1EBE0500CADCB5 /* CollectionViewTableViewCell.swift */,
				75F575782A1FCACA00F47721 /* HeroHeaderUIView.swift */,
				75A866932A214A0C007646BE /* TitleCollectionViewCell.swift */,
				75725E1A2A22514A00A3D0CE /* TitleTableViewCell.swift */,
			);
			path = Views;
			sourceTree = "<group>";
		};
		751FDCA12A1EBD5800CADCB5 /* ViewModels */ = {
			isa = PBXGroup;
			children = (
				75725E1C2A225A3600A3D0CE /* TitleViewModel.swift */,
			);
			path = ViewModels;
			sourceTree = "<group>";
		};
		751FDCA22A1EBD6C00CADCB5 /* Models */ = {
			isa = PBXGroup;
			children = (
				75A8668D2A21026C007646BE /* Movie.swift */,
			);
			path = Models;
			sourceTree = "<group>";
		};
		751FDCA32A1EBDAE00CADCB5 /* Resources */ = {
			isa = PBXGroup;
			children = (
				75A8668F2A210B72007646BE /* Extentions.swift */,
			);
			path = Resources;
			sourceTree = "<group>";
		};
		751FDCA42A1EBDBE00CADCB5 /* Managers */ = {
			isa = PBXGroup;
			children = (
				75A8668B2A20EEA8007646BE /* APICaller.swift */,
			);
			path = Managers;
			sourceTree = "<group>";
		};
		759F021D2A23958300EFFD5B /* Core */ = {
			isa = PBXGroup;
			children = (
				751FDC982A1EA50200CADCB5 /* HomeViewController.swift */,
				751FDC9A2A1EA54D00CADCB5 /* UpcomingViewController.swift */,
				751FDC9C2A1EA6BE00CADCB5 /* SearchViewController.swift */,
				751FDC9E2A1EA6CE00CADCB5 /* DownloadsViewController.swift */,
				751FDC872A1EA23400CADCB5 /* MainTabBarViewController.swift */,
			);
			path = Core;
			sourceTree = "<group>";
		};
		759F021E2A23959A00EFFD5B /* General */ = {
			isa = PBXGroup;
			children = (
				759F021B2A23953F00EFFD5B /* SearchResultsViewController.swift */,
			);
			path = General;
			sourceTree = "<group>";
		};
/* End PBXGroup section */

/* Begin PBXNativeTarget section */
		751FDC7F2A1EA23400CADCB5 /* ProgrammaticUI */ = {
			isa = PBXNativeTarget;
			buildConfigurationList = 751FDC942A1EA23500CADCB5 /* Build configuration list for PBXNativeTarget "ProgrammaticUI" */;
			buildPhases = (
				751FDC7C2A1EA23400CADCB5 /* Sources */,
				751FDC7D2A1EA23400CADCB5 /* Frameworks */,
				751FDC7E2A1EA23400CADCB5 /* Resources */,
			);
			buildRules = (
			);
			dependencies = (
			);
			name = ProgrammaticUI;
			packageProductDependencies = (
				75A866962A214DE0007646BE /* SDWebImage */,
				75A866982A214DE0007646BE /* SDWebImageMapKit */,
			);
			productName = ProgrammaticUI;
			productReference = 751FDC802A1EA23400CADCB5 /* ProgrammaticUI.app */;
			productType = "com.apple.product-type.application";
		};
/* End PBXNativeTarget section */

/* Begin PBXProject section */
		751FDC782A1EA23400CADCB5 /* Project object */ = {
			isa = PBXProject;
			attributes = {
				BuildIndependentTargetsInParallel = 1;
				LastSwiftUpdateCheck = 1430;
				LastUpgradeCheck = 1430;
				TargetAttributes = {
					751FDC7F2A1EA23400CADCB5 = {
						CreatedOnToolsVersion = 14.3;
					};
				};
			};
			buildConfigurationList = 751FDC7B2A1EA23400CADCB5 /* Build configuration list for PBXProject "ProgrammaticUI" */;
			compatibilityVersion = "Xcode 14.0";
			developmentRegion = en;
			hasScannedForEncodings = 0;
			knownRegions = (
				en,
				Base,
			);
			mainGroup = 751FDC772A1EA23400CADCB5;
			packageReferences = (
				75A866952A214DE0007646BE /* XCRemoteSwiftPackageReference "SDWebImage" */,
			);
			productRefGroup = 751FDC812A1EA23400CADCB5 /* Products */;
			projectDirPath = "";
			projectRoot = "";
			targets = (
				751FDC7F2A1EA23400CADCB5 /* ProgrammaticUI */,
			);
		};
/* End PBXProject section */

/* Begin PBXResourcesBuildPhase section */
		751FDC7E2A1EA23400CADCB5 /* Resources */ = {
			isa = PBXResourcesBuildPhase;
			buildActionMask = 2147483647;
			files = (
				751FDC902A1EA23500CADCB5 /* LaunchScreen.storyboard in Resources */,
				751FDC8D2A1EA23500CADCB5 /* Assets.xcassets in Resources */,
			);
			runOnlyForDeploymentPostprocessing = 0;
		};
/* End PBXResourcesBuildPhase section */

/* Begin PBXSourcesBuildPhase section */
		751FDC7C2A1EA23400CADCB5 /* Sources */ = {
			isa = PBXSourcesBuildPhase;
			buildActionMask = 2147483647;
			files = (
				75725E1B2A22514A00A3D0CE /* TitleTableViewCell.swift in Sources */,
				751FDC9D2A1EA6BE00CADCB5 /* SearchViewController.swift in Sources */,
				75A866942A214A0C007646BE /* TitleCollectionViewCell.swift in Sources */,
				751FDC882A1EA23400CADCB5 /* MainTabBarViewController.swift in Sources */,
				751FDCA62A1EBE0500CADCB5 /* CollectionViewTableViewCell.swift in Sources */,
				75A8668C2A20EEA8007646BE /* APICaller.swift in Sources */,
				75F575792A1FCACA00F47721 /* HeroHeaderUIView.swift in Sources */,
				751FDC9F2A1EA6CE00CADCB5 /* DownloadsViewController.swift in Sources */,
				751FDC842A1EA23400CADCB5 /* AppDelegate.swift in Sources */,
				759F021C2A23953F00EFFD5B /* SearchResultsViewController.swift in Sources */,
				751FDC862A1EA23400CADCB5 /* SceneDelegate.swift in Sources */,
				75A866902A210B72007646BE /* Extentions.swift in Sources */,
				751FDC992A1EA50200CADCB5 /* HomeViewController.swift in Sources */,
				75A8668E2A21026C007646BE /* Movie.swift in Sources */,
				751FDC9B2A1EA54D00CADCB5 /* UpcomingViewController.swift in Sources */,
				75725E1D2A225A3600A3D0CE /* TitleViewModel.swift in Sources */,
			);
			runOnlyForDeploymentPostprocessing = 0;
		};
/* End PBXSourcesBuildPhase section */

/* Begin PBXVariantGroup section */
		751FDC8E2A1EA23500CADCB5 /* LaunchScreen.storyboard */ = {
			isa = PBXVariantGroup;
			children = (
				751FDC8F2A1EA23500CADCB5 /* Base */,
			);
			name = LaunchScreen.storyboard;
			sourceTree = "<group>";
		};
/* End PBXVariantGroup section */

/* Begin XCBuildConfiguration section */
		751FDC922A1EA23500CADCB5 /* Debug */ = {
			isa = XCBuildConfiguration;
			buildSettings = {
				ALWAYS_SEARCH_USER_PATHS = NO;
				CLANG_ANALYZER_NONNULL = YES;
				CLANG_ANALYZER_NUMBER_OBJECT_CONVERSION = YES_AGGRESSIVE;
				CLANG_CXX_LANGUAGE_STANDARD = "gnu++20";
				CLANG_ENABLE_MODULES = YES;
				CLANG_ENABLE_OBJC_ARC = YES;
				CLANG_ENABLE_OBJC_WEAK = YES;
				CLANG_WARN_BLOCK_CAPTURE_AUTORELEASING = YES;
				CLANG_WARN_BOOL_CONVERSION = YES;
				CLANG_WARN_COMMA = YES;
				CLANG_WARN_CONSTANT_CONVERSION = YES;
				CLANG_WARN_DEPRECATED_OBJC_IMPLEMENTATIONS = YES;
				CLANG_WARN_DIRECT_OBJC_ISA_USAGE = YES_ERROR;
				CLANG_WARN_DOCUMENTATION_COMMENTS = YES;
				CLANG_WARN_EMPTY_BODY = YES;
				CLANG_WARN_ENUM_CONVERSION = YES;
				CLANG_WARN_INFINITE_RECURSION = YES;
				CLANG_WARN_INT_CONVERSION = YES;
				CLANG_WARN_NON_LITERAL_NULL_CONVERSION = YES;
				CLANG_WARN_OBJC_IMPLICIT_RETAIN_SELF = YES;
				CLANG_WARN_OBJC_LITERAL_CONVERSION = YES;
				CLANG_WARN_OBJC_ROOT_CLASS = YES_ERROR;
				CLANG_WARN_QUOTED_INCLUDE_IN_FRAMEWORK_HEADER = YES;
				CLANG_WARN_RANGE_LOOP_ANALYSIS = YES;
				CLANG_WARN_STRICT_PROTOTYPES = YES;
				CLANG_WARN_SUSPICIOUS_MOVE = YES;
				CLANG_WARN_UNGUARDED_AVAILABILITY = YES_AGGRESSIVE;
				CLANG_WARN_UNREACHABLE_CODE = YES;
				CLANG_WARN__DUPLICATE_METHOD_MATCH = YES;
				COPY_PHASE_STRIP = NO;
				DEBUG_INFORMATION_FORMAT = dwarf;
				ENABLE_STRICT_OBJC_MSGSEND = YES;
				ENABLE_TESTABILITY = YES;
				GCC_C_LANGUAGE_STANDARD = gnu11;
				GCC_DYNAMIC_NO_PIC = NO;
				GCC_NO_COMMON_BLOCKS = YES;
				GCC_OPTIMIZATION_LEVEL = 0;
				GCC_PREPROCESSOR_DEFINITIONS = (
					"DEBUG=1",
					"$(inherited)",
				);
				GCC_WARN_64_TO_32_BIT_CONVERSION = YES;
				GCC_WARN_ABOUT_RETURN_TYPE = YES_ERROR;
				GCC_WARN_UNDECLARED_SELECTOR = YES;
				GCC_WARN_UNINITIALIZED_AUTOS = YES_AGGRESSIVE;
				GCC_WARN_UNUSED_FUNCTION = YES;
				GCC_WARN_UNUSED_VARIABLE = YES;
				IPHONEOS_DEPLOYMENT_TARGET = 16.4;
				MTL_ENABLE_DEBUG_INFO = INCLUDE_SOURCE;
				MTL_FAST_MATH = YES;
				ONLY_ACTIVE_ARCH = YES;
				SDKROOT = iphoneos;
				SWIFT_ACTIVE_COMPILATION_CONDITIONS = DEBUG;
				SWIFT_OPTIMIZATION_LEVEL = "-Onone";
			};
			name = Debug;
		};
		751FDC932A1EA23500CADCB5 /* Release */ = {
			isa = XCBuildConfiguration;
			buildSettings = {
				ALWAYS_SEARCH_USER_PATHS = NO;
				CLANG_ANALYZER_NONNULL = YES;
				CLANG_ANALYZER_NUMBER_OBJECT_CONVERSION = YES_AGGRESSIVE;
				CLANG_CXX_LANGUAGE_STANDARD = "gnu++20";
				CLANG_ENABLE_MODULES = YES;
				CLANG_ENABLE_OBJC_ARC = YES;
				CLANG_ENABLE_OBJC_WEAK = YES;
				CLANG_WARN_BLOCK_CAPTURE_AUTORELEASING = YES;
				CLANG_WARN_BOOL_CONVERSION = YES;
				CLANG_WARN_COMMA = YES;
				CLANG_WARN_CONSTANT_CONVERSION = YES;
				CLANG_WARN_DEPRECATED_OBJC_IMPLEMENTATIONS = YES;
				CLANG_WARN_DIRECT_OBJC_ISA_USAGE = YES_ERROR;
				CLANG_WARN_DOCUMENTATION_COMMENTS = YES;
				CLANG_WARN_EMPTY_BODY = YES;
				CLANG_WARN_ENUM_CONVERSION = YES;
				CLANG_WARN_INFINITE_RECURSION = YES;
				CLANG_WARN_INT_CONVERSION = YES;
				CLANG_WARN_NON_LITERAL_NULL_CONVERSION = YES;
				CLANG_WARN_OBJC_IMPLICIT_RETAIN_SELF = YES;
				CLANG_WARN_OBJC_LITERAL_CONVERSION = YES;
				CLANG_WARN_OBJC_ROOT_CLASS = YES_ERROR;
				CLANG_WARN_QUOTED_INCLUDE_IN_FRAMEWORK_HEADER = YES;
				CLANG_WARN_RANGE_LOOP_ANALYSIS = YES;
				CLANG_WARN_STRICT_PROTOTYPES = YES;
				CLANG_WARN_SUSPICIOUS_MOVE = YES;
				CLANG_WARN_UNGUARDED_AVAILABILITY = YES_AGGRESSIVE;
				CLANG_WARN_UNREACHABLE_CODE = YES;
				CLANG_WARN__DUPLICATE_METHOD_MATCH = YES;
				COPY_PHASE_STRIP = NO;
				DEBUG_INFORMATION_FORMAT = "dwarf-with-dsym";
				ENABLE_NS_ASSERTIONS = NO;
				ENABLE_STRICT_OBJC_MSGSEND = YES;
				GCC_C_LANGUAGE_STANDARD = gnu11;
				GCC_NO_COMMON_BLOCKS = YES;
				GCC_WARN_64_TO_32_BIT_CONVERSION = YES;
				GCC_WARN_ABOUT_RETURN_TYPE = YES_ERROR;
				GCC_WARN_UNDECLARED_SELECTOR = YES;
				GCC_WARN_UNINITIALIZED_AUTOS = YES_AGGRESSIVE;
				GCC_WARN_UNUSED_FUNCTION = YES;
				GCC_WARN_UNUSED_VARIABLE = YES;
				IPHONEOS_DEPLOYMENT_TARGET = 16.4;
				MTL_ENABLE_DEBUG_INFO = NO;
				MTL_FAST_MATH = YES;
				SDKROOT = iphoneos;
				SWIFT_COMPILATION_MODE = wholemodule;
				SWIFT_OPTIMIZATION_LEVEL = "-O";
				VALIDATE_PRODUCT = YES;
			};
			name = Release;
		};
		751FDC952A1EA23500CADCB5 /* Debug */ = {
			isa = XCBuildConfiguration;
			buildSettings = {
				ASSETCATALOG_COMPILER_APPICON_NAME = AppIcon;
				ASSETCATALOG_COMPILER_GLOBAL_ACCENT_COLOR_NAME = AccentColor;
				CODE_SIGN_STYLE = Automatic;
				CURRENT_PROJECT_VERSION = 1;
				DEVELOPMENT_TEAM = QP4938RZX5;
				GENERATE_INFOPLIST_FILE = YES;
				INFOPLIST_FILE = ProgrammaticUI/Info.plist;
				INFOPLIST_KEY_UIApplicationSupportsIndirectInputEvents = YES;
				INFOPLIST_KEY_UILaunchStoryboardName = LaunchScreen;
				INFOPLIST_KEY_UISupportedInterfaceOrientations_iPad = "UIInterfaceOrientationPortrait UIInterfaceOrientationPortraitUpsideDown UIInterfaceOrientationLandscapeLeft UIInterfaceOrientationLandscapeRight";
				INFOPLIST_KEY_UISupportedInterfaceOrientations_iPhone = "UIInterfaceOrientationPortrait UIInterfaceOrientationLandscapeLeft UIInterfaceOrientationLandscapeRight";
				LD_RUNPATH_SEARCH_PATHS = (
					"$(inherited)",
					"@executable_path/Frameworks",
				);
				MARKETING_VERSION = 1.0;
				PRODUCT_BUNDLE_IDENTIFIER = SerdarOnurKaradag.ProgrammaticUI;
				PRODUCT_NAME = "$(TARGET_NAME)";
				SWIFT_EMIT_LOC_STRINGS = YES;
				SWIFT_VERSION = 5.0;
				TARGETED_DEVICE_FAMILY = "1,2";
			};
			name = Debug;
		};
		751FDC962A1EA23500CADCB5 /* Release */ = {
			isa = XCBuildConfiguration;
			buildSettings = {
				ASSETCATALOG_COMPILER_APPICON_NAME = AppIcon;
				ASSETCATALOG_COMPILER_GLOBAL_ACCENT_COLOR_NAME = AccentColor;
				CODE_SIGN_STYLE = Automatic;
				CURRENT_PROJECT_VERSION = 1;
				DEVELOPMENT_TEAM = QP4938RZX5;
				GENERATE_INFOPLIST_FILE = YES;
				INFOPLIST_FILE = ProgrammaticUI/Info.plist;
				INFOPLIST_KEY_UIApplicationSupportsIndirectInputEvents = YES;
				INFOPLIST_KEY_UILaunchStoryboardName = LaunchScreen;
				INFOPLIST_KEY_UISupportedInterfaceOrientations_iPad = "UIInterfaceOrientationPortrait UIInterfaceOrientationPortraitUpsideDown UIInterfaceOrientationLandscapeLeft UIInterfaceOrientationLandscapeRight";
				INFOPLIST_KEY_UISupportedInterfaceOrientations_iPhone = "UIInterfaceOrientationPortrait UIInterfaceOrientationLandscapeLeft UIInterfaceOrientationLandscapeRight";
				LD_RUNPATH_SEARCH_PATHS = (
					"$(inherited)",
					"@executable_path/Frameworks",
				);
				MARKETING_VERSION = 1.0;
				PRODUCT_BUNDLE_IDENTIFIER = SerdarOnurKaradag.ProgrammaticUI;
				PRODUCT_NAME = "$(TARGET_NAME)";
				SWIFT_EMIT_LOC_STRINGS = YES;
				SWIFT_VERSION = 5.0;
				TARGETED_DEVICE_FAMILY = "1,2";
			};
			name = Release;
		};
/* End XCBuildConfiguration section */

/* Begin XCConfigurationList section */
		751FDC7B2A1EA23400CADCB5 /* Build configuration list for PBXProject "ProgrammaticUI" */ = {
			isa = XCConfigurationList;
			buildConfigurations = (
				751FDC922A1EA23500CADCB5 /* Debug */,
				751FDC932A1EA23500CADCB5 /* Release */,
			);
			defaultConfigurationIsVisible = 0;
			defaultConfigurationName = Release;
		};
		751FDC942A1EA23500CADCB5 /* Build configuration list for PBXNativeTarget "ProgrammaticUI" */ = {
			isa = XCConfigurationList;
			buildConfigurations = (
				751FDC952A1EA23500CADCB5 /* Debug */,
				751FDC962A1EA23500CADCB5 /* Release */,
			);
			defaultConfigurationIsVisible = 0;
			defaultConfigurationName = Release;
		};
/* End XCConfigurationList section */

/* Begin XCRemoteSwiftPackageReference section */
		75A866952A214DE0007646BE /* XCRemoteSwiftPackageReference "SDWebImage" */ = {
			isa = XCRemoteSwiftPackageReference;
			repositoryURL = "https://github.com/SDWebImage/SDWebImage.git";
			requirement = {
				branch = master;
				kind = branch;
			};
		};
/* End XCRemoteSwiftPackageReference section */

/* Begin XCSwiftPackageProductDependency section */
		75A866962A214DE0007646BE /* SDWebImage */ = {
			isa = XCSwiftPackageProductDependency;
			package = 75A866952A214DE0007646BE /* XCRemoteSwiftPackageReference "SDWebImage" */;
			productName = SDWebImage;
		};
		75A866982A214DE0007646BE /* SDWebImageMapKit */ = {
			isa = XCSwiftPackageProductDependency;
			package = 75A866952A214DE0007646BE /* XCRemoteSwiftPackageReference "SDWebImage" */;
			productName = SDWebImageMapKit;
		};
/* End XCSwiftPackageProductDependency section */
	};
	rootObject = 751FDC782A1EA23400CADCB5 /* Project object */;
}
